
Microsoft Visual Studio Solution File, Format Version 12.00
# Visual Studio Version 17
VisualStudioVersion = 17.3.32929.385
MinimumVisualStudioVersion = 10.0.40219.1
Project("{9A19103F-16F7-4668-BE54-9A1E7A4F7556}") = "YoutubeDLSharp", "YoutubeDLSharp\YoutubeDLSharp.csproj", "{55DB24C9-0BD1-4B3B-8464-66AAE156BBC8}"
EndProject
Project("{9A19103F-16F7-4668-BE54-9A1E7A4F7556}") = "YoutubeDLSharp.Tests", "YoutubeDLSharp.Tests\YoutubeDLSharp.Tests.csproj", "{1CA57FDF-8EB6-4BB2-BC1B-32AB313582A4}"
EndProject
Project("{2150E333-8FDC-42A3-9474-1A3956D46DE8}") = "Solution Items", "Solution Items", "{D6FE5B2E-8313-4154-8BD8-C549281859D3}"
	ProjectSection(SolutionItems) = preProject
		Changelog.md = Changelog.md
		LICENSE.txt = LICENSE.txt
		README.md = README.md
	EndProjectSection
EndProject
Project("{FAE04EC0-301F-11D3-BF4B-00C04F79EFBC}") = "YtdlpPoco", "YtdlpPoco\YtdlpPoco.csproj", "{616C3C5F-0BF5-49CA-ADFA-E9D0BA7D683A}"
EndProject
Project("{FAE04EC0-301F-11D3-BF4B-00C04F79EFBC}") = "YtdlpPocoGenerator", "YtdlpPocoGenerator\YtdlpPocoGenerator.csproj", "{74A7DF97-ECF2-49EE-8C8B-D0913572E7FA}"
EndProject
Project("{FAE04EC0-301F-11D3-BF4B-00C04F79EFBC}") = "YtDlpSharp", "YtDlpSharp\YtDlpSharp.csproj", "{F8536E39-4053-41EA-960C-E704DCAA696D}"
EndProject
Project("{FAE04EC0-301F-11D3-BF4B-00C04F79EFBC}") = "YtDlpSharp.Tests", "YtDlpSharp.Tests\YtDlpSharp.Tests.csproj", "{D1B41B0B-69E1-411C-A5F8-E3BC2AB3C6DA}"
EndProject
Global
	GlobalSection(SolutionConfigurationPlatforms) = preSolution
		Debug|Any CPU = Debug|Any CPU
		Debug|x64 = Debug|x64
		Debug|x86 = Debug|x86
		Release|Any CPU = Release|Any CPU
		Release|x64 = Release|x64
		Release|x86 = Release|x86
	EndGlobalSection
	GlobalSection(ProjectConfigurationPlatforms) = postSolution
		{55DB24C9-0BD1-4B3B-8464-66AAE156BBC8}.Debug|Any CPU.ActiveCfg = Debug|Any CPU
		{55DB24C9-0BD1-4B3B-8464-66AAE156BBC8}.Debug|Any CPU.Build.0 = Debug|Any CPU
		{55DB24C9-0BD1-4B3B-8464-66AAE156BBC8}.Debug|x64.ActiveCfg = Debug|Any CPU
		{55DB24C9-0BD1-4B3B-8464-66AAE156BBC8}.Debug|x64.Build.0 = Debug|Any CPU
		{55DB24C9-0BD1-4B3B-8464-66AAE156BBC8}.Debug|x86.ActiveCfg = Debug|Any CPU
		{55DB24C9-0BD1-4B3B-8464-66AAE156BBC8}.Debug|x86.Build.0 = Debug|Any CPU
		{55DB24C9-0BD1-4B3B-8464-66AAE156BBC8}.Release|Any CPU.ActiveCfg = Release|Any CPU
		{55DB24C9-0BD1-4B3B-8464-66AAE156BBC8}.Release|Any CPU.Build.0 = Release|Any CPU
		{55DB24C9-0BD1-4B3B-8464-66AAE156BBC8}.Release|x64.ActiveCfg = Release|Any CPU
		{55DB24C9-0BD1-4B3B-8464-66AAE156BBC8}.Release|x64.Build.0 = Release|Any CPU
		{55DB24C9-0BD1-4B3B-8464-66AAE156BBC8}.Release|x86.ActiveCfg = Release|Any CPU
		{55DB24C9-0BD1-4B3B-8464-66AAE156BBC8}.Release|x86.Build.0 = Release|Any CPU
		{1CA57FDF-8EB6-4BB2-BC1B-32AB313582A4}.Debug|Any CPU.ActiveCfg = Debug|Any CPU
		{1CA57FDF-8EB6-4BB2-BC1B-32AB313582A4}.Debug|Any CPU.Build.0 = Debug|Any CPU
		{1CA57FDF-8EB6-4BB2-BC1B-32AB313582A4}.Debug|x64.ActiveCfg = Debug|Any CPU
		{1CA57FDF-8EB6-4BB2-BC1B-32AB313582A4}.Debug|x64.Build.0 = Debug|Any CPU
		{1CA57FDF-8EB6-4BB2-BC1B-32AB313582A4}.Debug|x86.ActiveCfg = Debug|Any CPU
		{1CA57FDF-8EB6-4BB2-BC1B-32AB313582A4}.Debug|x86.Build.0 = Debug|Any CPU
		{1CA57FDF-8EB6-4BB2-BC1B-32AB313582A4}.Release|Any CPU.ActiveCfg = Release|Any CPU
		{1CA57FDF-8EB6-4BB2-BC1B-32AB313582A4}.Release|Any CPU.Build.0 = Release|Any CPU
		{1CA57FDF-8EB6-4BB2-BC1B-32AB313582A4}.Release|x64.ActiveCfg = Release|Any CPU
		{1CA57FDF-8EB6-4BB2-BC1B-32AB313582A4}.Release|x64.Build.0 = Release|Any CPU
		{1CA57FDF-8EB6-4BB2-BC1B-32AB313582A4}.Release|x86.ActiveCfg = Release|Any CPU
		{1CA57FDF-8EB6-4BB2-BC1B-32AB313582A4}.Release|x86.Build.0 = Release|Any CPU
		{616C3C5F-0BF5-49CA-ADFA-E9D0BA7D683A}.Debug|Any CPU.ActiveCfg = Debug|Any CPU
		{616C3C5F-0BF5-49CA-ADFA-E9D0BA7D683A}.Debug|Any CPU.Build.0 = Debug|Any CPU
		{616C3C5F-0BF5-49CA-ADFA-E9D0BA7D683A}.Debug|x64.ActiveCfg = Debug|Any CPU
		{616C3C5F-0BF5-49CA-ADFA-E9D0BA7D683A}.Debug|x64.Build.0 = Debug|Any CPU
		{616C3C5F-0BF5-49CA-ADFA-E9D0BA7D683A}.Debug|x86.ActiveCfg = Debug|Any CPU
		{616C3C5F-0BF5-49CA-ADFA-E9D0BA7D683A}.Debug|x86.Build.0 = Debug|Any CPU
		{616C3C5F-0BF5-49CA-ADFA-E9D0BA7D683A}.Release|Any CPU.ActiveCfg = Release|Any CPU
		{616C3C5F-0BF5-49CA-ADFA-E9D0BA7D683A}.Release|Any CPU.Build.0 = Release|Any CPU
		{616C3C5F-0BF5-49CA-ADFA-E9D0BA7D683A}.Release|x64.ActiveCfg = Release|Any CPU
		{616C3C5F-0BF5-49CA-ADFA-E9D0BA7D683A}.Release|x64.Build.0 = Release|Any CPU
		{616C3C5F-0BF5-49CA-ADFA-E9D0BA7D683A}.Release|x86.ActiveCfg = Release|Any CPU
		{616C3C5F-0BF5-49CA-ADFA-E9D0BA7D683A}.Release|x86.Build.0 = Release|Any CPU
		{74A7DF97-ECF2-49EE-8C8B-D0913572E7FA}.Debug|Any CPU.ActiveCfg = Debug|Any CPU
		{74A7DF97-ECF2-49EE-8C8B-D0913572E7FA}.Debug|Any CPU.Build.0 = Debug|Any CPU
		{74A7DF97-ECF2-49EE-8C8B-D0913572E7FA}.Debug|x64.ActiveCfg = Debug|Any CPU
		{74A7DF97-ECF2-49EE-8C8B-D0913572E7FA}.Debug|x64.Build.0 = Debug|Any CPU
		{74A7DF97-ECF2-49EE-8C8B-D0913572E7FA}.Debug|x86.ActiveCfg = Debug|Any CPU
		{74A7DF97-ECF2-49EE-8C8B-D0913572E7FA}.Debug|x86.Build.0 = Debug|Any CPU
		{74A7DF97-ECF2-49EE-8C8B-D0913572E7FA}.Release|Any CPU.ActiveCfg = Release|Any CPU
		{74A7DF97-ECF2-49EE-8C8B-D0913572E7FA}.Release|Any CPU.Build.0 = Release|Any CPU
		{74A7DF97-ECF2-49EE-8C8B-D0913572E7FA}.Release|x64.ActiveCfg = Release|Any CPU
		{74A7DF97-ECF2-49EE-8C8B-D0913572E7FA}.Release|x64.Build.0 = Release|Any CPU
		{74A7DF97-ECF2-49EE-8C8B-D0913572E7FA}.Release|x86.ActiveCfg = Release|Any CPU
		{74A7DF97-ECF2-49EE-8C8B-D0913572E7FA}.Release|x86.Build.0 = Release|Any CPU
		{F8536E39-4053-41EA-960C-E704DCAA696D}.Debug|Any CPU.ActiveCfg = Debug|Any CPU
		{F8536E39-4053-41EA-960C-E704DCAA696D}.Debug|Any CPU.Build.0 = Debug|Any CPU
		{F8536E39-4053-41EA-960C-E704DCAA696D}.Debug|x64.ActiveCfg = Debug|Any CPU
		{F8536E39-4053-41EA-960C-E704DCAA696D}.Debug|x64.Build.0 = Debug|Any CPU
		{F8536E39-4053-41EA-960C-E704DCAA696D}.Debug|x86.ActiveCfg = Debug|Any CPU
		{F8536E39-4053-41EA-960C-E704DCAA696D}.Debug|x86.Build.0 = Debug|Any CPU
		{F8536E39-4053-41EA-960C-E704DCAA696D}.Release|Any CPU.ActiveCfg = Release|Any CPU
		{F8536E39-4053-41EA-960C-E704DCAA696D}.Release|Any CPU.Build.0 = Release|Any CPU
		{F8536E39-4053-41EA-960C-E704DCAA696D}.Release|x64.ActiveCfg = Release|Any CPU
		{F8536E39-4053-41EA-960C-E704DCAA696D}.Release|x64.Build.0 = Release|Any CPU
		{F8536E39-4053-41EA-960C-E704DCAA696D}.Release|x86.ActiveCfg = Release|Any CPU
		{F8536E39-4053-41EA-960C-E704DCAA696D}.Release|x86.Build.0 = Release|Any CPU
		{D1B41B0B-69E1-411C-A5F8-E3BC2AB3C6DA}.Debug|Any CPU.ActiveCfg = Debug|Any CPU
		{D1B41B0B-69E1-411C-A5F8-E3BC2AB3C6DA}.Debug|Any CPU.Build.0 = Debug|Any CPU
		{D1B41B0B-69E1-411C-A5F8-E3BC2AB3C6DA}.Debug|x64.ActiveCfg = Debug|Any CPU
		{D1B41B0B-69E1-411C-A5F8-E3BC2AB3C6DA}.Debug|x64.Build.0 = Debug|Any CPU
		{D1B41B0B-69E1-411C-A5F8-E3BC2AB3C6DA}.Debug|x86.ActiveCfg = Debug|Any CPU
		{D1B41B0B-69E1-411C-A5F8-E3BC2AB3C6DA}.Debug|x86.Build.0 = Debug|Any CPU
		{D1B41B0B-69E1-411C-A5F8-E3BC2AB3C6DA}.Release|Any CPU.ActiveCfg = Release|Any CPU
		{D1B41B0B-69E1-411C-A5F8-E3BC2AB3C6DA}.Release|Any CPU.Build.0 = Release|Any CPU
		{D1B41B0B-69E1-411C-A5F8-E3BC2AB3C6DA}.Release|x64.ActiveCfg = Release|Any CPU
		{D1B41B0B-69E1-411C-A5F8-E3BC2AB3C6DA}.Release|x64.Build.0 = Release|Any CPU
		{D1B41B0B-69E1-411C-A5F8-E3BC2AB3C6DA}.Release|x86.ActiveCfg = Release|Any CPU
		{D1B41B0B-69E1-411C-A5F8-E3BC2AB3C6DA}.Release|x86.Build.0 = Release|Any CPU
	EndGlobalSection
	GlobalSection(SolutionProperties) = preSolution
		HideSolutionNode = FALSE
	EndGlobalSection
	GlobalSection(ExtensibilityGlobals) = postSolution
		SolutionGuid = {7685678A-363A-460E-A915-5CDCC2F65D93}
	EndGlobalSection
EndGlobal
